
Microsoft Visual Studio Solution File, Format Version 12.00
# Visual Studio Version 17
VisualStudioVersion = 17.3.32819.101
MinimumVisualStudioVersion = 10.0.40219.1
Project("{9A19103F-16F7-4668-BE54-9A1E7A4F7556}") = "BlazorDual.BlazorServer", "BlazorDual.BlazorServer\BlazorDual.BlazorServer.csproj", "{9FF7E16E-E6B6-405F-924B-3F336D3D594C}"
EndProject
Project("{9A19103F-16F7-4668-BE54-9A1E7A4F7556}") = "BlazorDual.BlazorWasm.Server", "BlazorDual.BlazorWasm\Server\BlazorDual.BlazorWasm.Server.csproj", "{7B5C4C3C-18CB-4D7B-8C95-CE0F21E4A1D7}"
EndProject
Project("{9A19103F-16F7-4668-BE54-9A1E7A4F7556}") = "BlazorDual.BlazorWasm.Client", "BlazorDual.BlazorWasm\Client\BlazorDual.BlazorWasm.Client.csproj", "{8D5A9450-F84C-40BE-8169-BAD4DBBCFA67}"
EndProject
Project("{9A19103F-16F7-4668-BE54-9A1E7A4F7556}") = "BlazorDual.Shared", "BlazorDual.Shared\BlazorDual.Shared.csproj", "{682F3F28-088C-4FD2-AEC8-E9FC02F926F7}"
EndProject
Project("{FAE04EC0-301F-11D3-BF4B-00C04F79EFBC}") = "BlazorDual.Components", "BlazorDual.Components\BlazorDual.Components.csproj", "{58F34E83-BA57-4E19-858F-59126BD8E999}"
EndProject
Global
	GlobalSection(SolutionConfigurationPlatforms) = preSolution
		Debug|Any CPU = Debug|Any CPU
		Release|Any CPU = Release|Any CPU
	EndGlobalSection
	GlobalSection(ProjectConfigurationPlatforms) = postSolution
		{9FF7E16E-E6B6-405F-924B-3F336D3D594C}.Debug|Any CPU.ActiveCfg = Debug|Any CPU
		{9FF7E16E-E6B6-405F-924B-3F336D3D594C}.Debug|Any CPU.Build.0 = Debug|Any CPU
		{9FF7E16E-E6B6-405F-924B-3F336D3D594C}.Release|Any CPU.ActiveCfg = Release|Any CPU
		{9FF7E16E-E6B6-405F-924B-3F336D3D594C}.Release|Any CPU.Build.0 = Release|Any CPU
		{7B5C4C3C-18CB-4D7B-8C95-CE0F21E4A1D7}.Debug|Any CPU.ActiveCfg = Debug|Any CPU
		{7B5C4C3C-18CB-4D7B-8C95-CE0F21E4A1D7}.Debug|Any CPU.Build.0 = Debug|Any CPU
		{7B5C4C3C-18CB-4D7B-8C95-CE0F21E4A1D7}.Release|Any CPU.ActiveCfg = Release|Any CPU
		{7B5C4C3C-18CB-4D7B-8C95-CE0F21E4A1D7}.Release|Any CPU.Build.0 = Release|Any CPU
		{8D5A9450-F84C-40BE-8169-BAD4DBBCFA67}.Debug|Any CPU.ActiveCfg = Debug|Any CPU
		{8D5A9450-F84C-40BE-8169-BAD4DBBCFA67}.Debug|Any CPU.Build.0 = Debug|Any CPU
		{8D5A9450-F84C-40BE-8169-BAD4DBBCFA67}.Release|Any CPU.ActiveCfg = Release|Any CPU
		{8D5A9450-F84C-40BE-8169-BAD4DBBCFA67}.Release|Any CPU.Build.0 = Release|Any CPU
		{682F3F28-088C-4FD2-AEC8-E9FC02F926F7}.Debug|Any CPU.ActiveCfg = Debug|Any CPU
		{682F3F28-088C-4FD2-AEC8-E9FC02F926F7}.Debug|Any CPU.Build.0 = Debug|Any CPU
		{682F3F28-088C-4FD2-AEC8-E9FC02F926F7}.Release|Any CPU.ActiveCfg = Release|Any CPU
		{682F3F28-088C-4FD2-AEC8-E9FC02F926F7}.Release|Any CPU.Build.0 = Release|Any CPU
		{58F34E83-BA57-4E19-858F-59126BD8E999}.Debug|Any CPU.ActiveCfg = Debug|Any CPU
		{58F34E83-BA57-4E19-858F-59126BD8E999}.Debug|Any CPU.Build.0 = Debug|Any CPU
		{58F34E83-BA57-4E19-858F-59126BD8E999}.Release|Any CPU.ActiveCfg = Release|Any CPU
		{58F34E83-BA57-4E19-858F-59126BD8E999}.Release|Any CPU.Build.0 = Release|Any CPU
	EndGlobalSection
	GlobalSection(SolutionProperties) = preSolution
		HideSolutionNode = FALSE
	EndGlobalSection
	GlobalSection(ExtensibilityGlobals) = postSolution
		SolutionGuid = {DEEE8551-F133-49E4-B9AC-672DAD524C42}
	EndGlobalSection
EndGlobal
